// !$*UTF8*$!
{
	archiveVersion = 1;
	classes = {
	};
	objectVersion = 48;
	objects = {

/* Begin PBXBuildFile section */
		42753912BBA77201F4E74CF0 /* Pods_POSProjectTests.framework in Frameworks */ = {isa = PBXBuildFile; fileRef = 18C2AC5762039D95120C52B9 /* Pods_POSProjectTests.framework */; };
		C79E87C11FC7AE58003B7E5C /* AppDelegate.swift in Sources */ = {isa = PBXBuildFile; fileRef = C79E87C01FC7AE58003B7E5C /* AppDelegate.swift */; };
		C79E87C31FC7AE58003B7E5C /* ViewController.swift in Sources */ = {isa = PBXBuildFile; fileRef = C79E87C21FC7AE58003B7E5C /* ViewController.swift */; };
		C79E87C61FC7AE58003B7E5C /* Main.storyboard in Resources */ = {isa = PBXBuildFile; fileRef = C79E87C41FC7AE58003B7E5C /* Main.storyboard */; };
		C79E87C81FC7AE58003B7E5C /* Assets.xcassets in Resources */ = {isa = PBXBuildFile; fileRef = C79E87C71FC7AE58003B7E5C /* Assets.xcassets */; };
		C79E87CB1FC7AE58003B7E5C /* LaunchScreen.storyboard in Resources */ = {isa = PBXBuildFile; fileRef = C79E87C91FC7AE58003B7E5C /* LaunchScreen.storyboard */; };
		C79E87D61FC7AE58003B7E5C /* POSProjectTests.swift in Sources */ = {isa = PBXBuildFile; fileRef = C79E87D51FC7AE58003B7E5C /* POSProjectTests.swift */; };
		C79E87E11FC7AE58003B7E5C /* POSProjectUITests.swift in Sources */ = {isa = PBXBuildFile; fileRef = C79E87E01FC7AE58003B7E5C /* POSProjectUITests.swift */; };
		C79E87EF1FC7B0B9003B7E5C /* GoodModel.swift in Sources */ = {isa = PBXBuildFile; fileRef = C79E87EE1FC7B0B9003B7E5C /* GoodModel.swift */; };
		C79E87F11FC7B531003B7E5C /* CartViewModel.swift in Sources */ = {isa = PBXBuildFile; fileRef = C79E87F01FC7B531003B7E5C /* CartViewModel.swift */; };
		C79E87F31FC7B773003B7E5C /* CartManager.swift in Sources */ = {isa = PBXBuildFile; fileRef = C79E87F21FC7B773003B7E5C /* CartManager.swift */; };
		C79E87F51FC7B929003B7E5C /* goods.plist in Resources */ = {isa = PBXBuildFile; fileRef = C79E87F41FC7B929003B7E5C /* goods.plist */; };
		C79E87F71FC7F1C0003B7E5C /* CartSpec.swift in Sources */ = {isa = PBXBuildFile; fileRef = C79E87F61FC7F1C0003B7E5C /* CartSpec.swift */; };
/* End PBXBuildFile section */

/* Begin PBXContainerItemProxy section */
		C79E87D21FC7AE58003B7E5C /* PBXContainerItemProxy */ = {
			isa = PBXContainerItemProxy;
			containerPortal = C79E87B51FC7AE58003B7E5C /* Project object */;
			proxyType = 1;
			remoteGlobalIDString = C79E87BC1FC7AE58003B7E5C;
			remoteInfo = POSProject;
		};
		C79E87DD1FC7AE58003B7E5C /* PBXContainerItemProxy */ = {
			isa = PBXContainerItemProxy;
			containerPortal = C79E87B51FC7AE58003B7E5C /* Project object */;
			proxyType = 1;
			remoteGlobalIDString = C79E87BC1FC7AE58003B7E5C;
			remoteInfo = POSProject;
		};
/* End PBXContainerItemProxy section */

/* Begin PBXFileReference section */
		016927C21FA223066838C4DE /* Pods-POSProjectTests.debug.xcconfig */ = {isa = PBXFileReference; includeInIndex = 1; lastKnownFileType = text.xcconfig; name = "Pods-POSProjectTests.debug.xcconfig"; path = "Pods/Target Support Files/Pods-POSProjectTests/Pods-POSProjectTests.debug.xcconfig"; sourceTree = "<group>"; };
		18C2AC5762039D95120C52B9 /* Pods_POSProjectTests.framework */ = {isa = PBXFileReference; explicitFileType = wrapper.framework; includeInIndex = 0; path = Pods_POSProjectTests.framework; sourceTree = BUILT_PRODUCTS_DIR; };
		3C7F7B9F7487DC04E7E48854 /* Pods-POSProjectTests.release.xcconfig */ = {isa = PBXFileReference; includeInIndex = 1; lastKnownFileType = text.xcconfig; name = "Pods-POSProjectTests.release.xcconfig"; path = "Pods/Target Support Files/Pods-POSProjectTests/Pods-POSProjectTests.release.xcconfig"; sourceTree = "<group>"; };
		C79E87BD1FC7AE58003B7E5C /* POSProject.app */ = {isa = PBXFileReference; explicitFileType = wrapper.application; includeInIndex = 0; path = POSProject.app; sourceTree = BUILT_PRODUCTS_DIR; };
		C79E87C01FC7AE58003B7E5C /* AppDelegate.swift */ = {isa = PBXFileReference; lastKnownFileType = sourcecode.swift; path = AppDelegate.swift; sourceTree = "<group>"; };
		C79E87C21FC7AE58003B7E5C /* ViewController.swift */ = {isa = PBXFileReference; lastKnownFileType = sourcecode.swift; path = ViewController.swift; sourceTree = "<group>"; };
		C79E87C51FC7AE58003B7E5C /* Base */ = {isa = PBXFileReference; lastKnownFileType = file.storyboard; name = Base; path = Base.lproj/Main.storyboard; sourceTree = "<group>"; };
		C79E87C71FC7AE58003B7E5C /* Assets.xcassets */ = {isa = PBXFileReference; lastKnownFileType = folder.assetcatalog; path = Assets.xcassets; sourceTree = "<group>"; };
		C79E87CA1FC7AE58003B7E5C /* Base */ = {isa = PBXFileReference; lastKnownFileType = file.storyboard; name = Base; path = Base.lproj/LaunchScreen.storyboard; sourceTree = "<group>"; };
		C79E87CC1FC7AE58003B7E5C /* Info.plist */ = {isa = PBXFileReference; lastKnownFileType = text.plist.xml; path = Info.plist; sourceTree = "<group>"; };
		C79E87D11FC7AE58003B7E5C /* POSProjectTests.xctest */ = {isa = PBXFileReference; explicitFileType = wrapper.cfbundle; includeInIndex = 0; path = POSProjectTests.xctest; sourceTree = BUILT_PRODUCTS_DIR; };
		C79E87D51FC7AE58003B7E5C /* POSProjectTests.swift */ = {isa = PBXFileReference; lastKnownFileType = sourcecode.swift; path = POSProjectTests.swift; sourceTree = "<group>"; };
		C79E87D71FC7AE58003B7E5C /* Info.plist */ = {isa = PBXFileReference; lastKnownFileType = text.plist.xml; path = Info.plist; sourceTree = "<group>"; };
		C79E87DC1FC7AE58003B7E5C /* POSProjectUITests.xctest */ = {isa = PBXFileReference; explicitFileType = wrapper.cfbundle; includeInIndex = 0; path = POSProjectUITests.xctest; sourceTree = BUILT_PRODUCTS_DIR; };
		C79E87E01FC7AE58003B7E5C /* POSProjectUITests.swift */ = {isa = PBXFileReference; lastKnownFileType = sourcecode.swift; path = POSProjectUITests.swift; sourceTree = "<group>"; };
		C79E87E21FC7AE58003B7E5C /* Info.plist */ = {isa = PBXFileReference; lastKnownFileType = text.plist.xml; path = Info.plist; sourceTree = "<group>"; };
		C79E87EE1FC7B0B9003B7E5C /* GoodModel.swift */ = {isa = PBXFileReference; lastKnownFileType = sourcecode.swift; path = GoodModel.swift; sourceTree = "<group>"; };
		C79E87F01FC7B531003B7E5C /* CartViewModel.swift */ = {isa = PBXFileReference; lastKnownFileType = sourcecode.swift; path = CartViewModel.swift; sourceTree = "<group>"; };
		C79E87F21FC7B773003B7E5C /* CartManager.swift */ = {isa = PBXFileReference; lastKnownFileType = sourcecode.swift; path = CartManager.swift; sourceTree = "<group>"; };
		C79E87F41FC7B929003B7E5C /* goods.plist */ = {isa = PBXFileReference; lastKnownFileType = text.plist.xml; path = goods.plist; sourceTree = "<group>"; };
		C79E87F61FC7F1C0003B7E5C /* CartSpec.swift */ = {isa = PBXFileReference; lastKnownFileType = sourcecode.swift; path = CartSpec.swift; sourceTree = "<group>"; };
/* End PBXFileReference section */

/* Begin PBXFrameworksBuildPhase section */
		C79E87BA1FC7AE58003B7E5C /* Frameworks */ = {
			isa = PBXFrameworksBuildPhase;
			buildActionMask = 2147483647;
			files = (
			);
			runOnlyForDeploymentPostprocessing = 0;
		};
		C79E87CE1FC7AE58003B7E5C /* Frameworks */ = {
			isa = PBXFrameworksBuildPhase;
			buildActionMask = 2147483647;
			files = (
				42753912BBA77201F4E74CF0 /* Pods_POSProjectTests.framework in Frameworks */,
			);
			runOnlyForDeploymentPostprocessing = 0;
		};
		C79E87D91FC7AE58003B7E5C /* Frameworks */ = {
			isa = PBXFrameworksBuildPhase;
			buildActionMask = 2147483647;
			files = (
			);
			runOnlyForDeploymentPostprocessing = 0;
		};
/* End PBXFrameworksBuildPhase section */

/* Begin PBXGroup section */
		5DE72BF7A35BF923AD5D4456 /* Frameworks */ = {
			isa = PBXGroup;
			children = (
				18C2AC5762039D95120C52B9 /* Pods_POSProjectTests.framework */,
			);
			name = Frameworks;
			sourceTree = "<group>";
		};
		6C4DE1FA083D7853425E48C7 /* Pods */ = {
			isa = PBXGroup;
			children = (
				016927C21FA223066838C4DE /* Pods-POSProjectTests.debug.xcconfig */,
				3C7F7B9F7487DC04E7E48854 /* Pods-POSProjectTests.release.xcconfig */,
			);
			name = Pods;
			sourceTree = "<group>";
		};
		C79E87B41FC7AE58003B7E5C = {
			isa = PBXGroup;
			children = (
				C79E87BF1FC7AE58003B7E5C /* POSProject */,
				C79E87D41FC7AE58003B7E5C /* POSProjectTests */,
				C79E87DF1FC7AE58003B7E5C /* POSProjectUITests */,
				C79E87BE1FC7AE58003B7E5C /* Products */,
				6C4DE1FA083D7853425E48C7 /* Pods */,
				5DE72BF7A35BF923AD5D4456 /* Frameworks */,
			);
			sourceTree = "<group>";
		};
		C79E87BE1FC7AE58003B7E5C /* Products */ = {
			isa = PBXGroup;
			children = (
				C79E87BD1FC7AE58003B7E5C /* POSProject.app */,
				C79E87D11FC7AE58003B7E5C /* POSProjectTests.xctest */,
				C79E87DC1FC7AE58003B7E5C /* POSProjectUITests.xctest */,
			);
			name = Products;
			sourceTree = "<group>";
		};
		C79E87BF1FC7AE58003B7E5C /* POSProject */ = {
			isa = PBXGroup;
			children = (
				C79E87C01FC7AE58003B7E5C /* AppDelegate.swift */,
				C79E87C21FC7AE58003B7E5C /* ViewController.swift */,
				C79E87EE1FC7B0B9003B7E5C /* GoodModel.swift */,
				C79E87F01FC7B531003B7E5C /* CartViewModel.swift */,
				C79E87F21FC7B773003B7E5C /* CartManager.swift */,
				C79E87C41FC7AE58003B7E5C /* Main.storyboard */,
				C79E87C71FC7AE58003B7E5C /* Assets.xcassets */,
				C79E87C91FC7AE58003B7E5C /* LaunchScreen.storyboard */,
				C79E87CC1FC7AE58003B7E5C /* Info.plist */,
				C79E87F41FC7B929003B7E5C /* goods.plist */,
			);
			path = POSProject;
			sourceTree = "<group>";
		};
		C79E87D41FC7AE58003B7E5C /* POSProjectTests */ = {
			isa = PBXGroup;
			children = (
				C79E87D51FC7AE58003B7E5C /* POSProjectTests.swift */,
				C79E87F61FC7F1C0003B7E5C /* CartSpec.swift */,
				C79E87D71FC7AE58003B7E5C /* Info.plist */,
			);
			path = POSProjectTests;
			sourceTree = "<group>";
		};
		C79E87DF1FC7AE58003B7E5C /* POSProjectUITests */ = {
			isa = PBXGroup;
			children = (
				C79E87E01FC7AE58003B7E5C /* POSProjectUITests.swift */,
				C79E87E21FC7AE58003B7E5C /* Info.plist */,
			);
			path = POSProjectUITests;
			sourceTree = "<group>";
		};
/* End PBXGroup section */

/* Begin PBXNativeTarget section */
		C79E87BC1FC7AE58003B7E5C /* POSProject */ = {
			isa = PBXNativeTarget;
			buildConfigurationList = C79E87E51FC7AE58003B7E5C /* Build configuration list for PBXNativeTarget "POSProject" */;
			buildPhases = (
				C79E87B91FC7AE58003B7E5C /* Sources */,
				C79E87BA1FC7AE58003B7E5C /* Frameworks */,
				C79E87BB1FC7AE58003B7E5C /* Resources */,
			);
			buildRules = (
			);
			dependencies = (
			);
			name = POSProject;
			productName = POSProject;
			productReference = C79E87BD1FC7AE58003B7E5C /* POSProject.app */;
			productType = "com.apple.product-type.application";
		};
		C79E87D01FC7AE58003B7E5C /* POSProjectTests */ = {
			isa = PBXNativeTarget;
			buildConfigurationList = C79E87E81FC7AE58003B7E5C /* Build configuration list for PBXNativeTarget "POSProjectTests" */;
			buildPhases = (
				2E0E7DEDA662173938E76D36 /* [CP] Check Pods Manifest.lock */,
				C79E87CD1FC7AE58003B7E5C /* Sources */,
				C79E87CE1FC7AE58003B7E5C /* Frameworks */,
				C79E87CF1FC7AE58003B7E5C /* Resources */,
				C6E410147B22D14ECFBFBD5C /* [CP] Embed Pods Frameworks */,
				471A01F3B177DE70223C35D0 /* [CP] Copy Pods Resources */,
			);
			buildRules = (
			);
			dependencies = (
				C79E87D31FC7AE58003B7E5C /* PBXTargetDependency */,
			);
			name = POSProjectTests;
			productName = POSProjectTests;
			productReference = C79E87D11FC7AE58003B7E5C /* POSProjectTests.xctest */;
			productType = "com.apple.product-type.bundle.unit-test";
		};
		C79E87DB1FC7AE58003B7E5C /* POSProjectUITests */ = {
			isa = PBXNativeTarget;
			buildConfigurationList = C79E87EB1FC7AE58003B7E5C /* Build configuration list for PBXNativeTarget "POSProjectUITests" */;
			buildPhases = (
				C79E87D81FC7AE58003B7E5C /* Sources */,
				C79E87D91FC7AE58003B7E5C /* Frameworks */,
				C79E87DA1FC7AE58003B7E5C /* Resources */,
			);
			buildRules = (
			);
			dependencies = (
				C79E87DE1FC7AE58003B7E5C /* PBXTargetDependency */,
			);
			name = POSProjectUITests;
			productName = POSProjectUITests;
			productReference = C79E87DC1FC7AE58003B7E5C /* POSProjectUITests.xctest */;
			productType = "com.apple.product-type.bundle.ui-testing";
		};
/* End PBXNativeTarget section */

/* Begin PBXProject section */
		C79E87B51FC7AE58003B7E5C /* Project object */ = {
			isa = PBXProject;
			attributes = {
				LastSwiftUpdateCheck = 0910;
				LastUpgradeCheck = 0910;
				ORGANIZATIONNAME = "Xin Ge ";
				TargetAttributes = {
					C79E87BC1FC7AE58003B7E5C = {
						CreatedOnToolsVersion = 9.1;
						ProvisioningStyle = Automatic;
					};
					C79E87D01FC7AE58003B7E5C = {
						CreatedOnToolsVersion = 9.1;
						ProvisioningStyle = Automatic;
						TestTargetID = C79E87BC1FC7AE58003B7E5C;
					};
					C79E87DB1FC7AE58003B7E5C = {
						CreatedOnToolsVersion = 9.1;
						ProvisioningStyle = Automatic;
						TestTargetID = C79E87BC1FC7AE58003B7E5C;
					};
				};
			};
			buildConfigurationList = C79E87B81FC7AE58003B7E5C /* Build configuration list for PBXProject "POSProject" */;
			compatibilityVersion = "Xcode 8.0";
			developmentRegion = en;
			hasScannedForEncodings = 0;
			knownRegions = (
				en,
				Base,
			);
			mainGroup = C79E87B41FC7AE58003B7E5C;
			productRefGroup = C79E87BE1FC7AE58003B7E5C /* Products */;
			projectDirPath = "";
			projectRoot = "";
			targets = (
				C79E87BC1FC7AE58003B7E5C /* POSProject */,
				C79E87D01FC7AE58003B7E5C /* POSProjectTests */,
				C79E87DB1FC7AE58003B7E5C /* POSProjectUITests */,
			);
		};
/* End PBXProject section */

/* Begin PBXResourcesBuildPhase section */
		C79E87BB1FC7AE58003B7E5C /* Resources */ = {
			isa = PBXResourcesBuildPhase;
			buildActionMask = 2147483647;
			files = (
				C79E87CB1FC7AE58003B7E5C /* LaunchScreen.storyboard in Resources */,
				C79E87F51FC7B929003B7E5C /* goods.plist in Resources */,
				C79E87C81FC7AE58003B7E5C /* Assets.xcassets in Resources */,
				C79E87C61FC7AE58003B7E5C /* Main.storyboard in Resources */,
			);
			runOnlyForDeploymentPostprocessing = 0;
		};
		C79E87CF1FC7AE58003B7E5C /* Resources */ = {
			isa = PBXResourcesBuildPhase;
			buildActionMask = 2147483647;
			files = (
			);
			runOnlyForDeploymentPostprocessing = 0;
		};
		C79E87DA1FC7AE58003B7E5C /* Resources */ = {
			isa = PBXResourcesBuildPhase;
			buildActionMask = 2147483647;
			files = (
			);
			runOnlyForDeploymentPostprocessing = 0;
		};
/* End PBXResourcesBuildPhase section */

/* Begin PBXShellScriptBuildPhase section */
		2E0E7DEDA662173938E76D36 /* [CP] Check Pods Manifest.lock */ = {
			isa = PBXShellScriptBuildPhase;
			buildActionMask = 2147483647;
			files = (
			);
			inputPaths = (
				"${PODS_PODFILE_DIR_PATH}/Podfile.lock",
				"${PODS_ROOT}/Manifest.lock",
			);
			name = "[CP] Check Pods Manifest.lock";
			outputPaths = (
				"$(DERIVED_FILE_DIR)/Pods-POSProjectTests-checkManifestLockResult.txt",
			);
			runOnlyForDeploymentPostprocessing = 0;
			shellPath = /bin/sh;
			shellScript = "diff \"${PODS_PODFILE_DIR_PATH}/Podfile.lock\" \"${PODS_ROOT}/Manifest.lock\" > /dev/null\nif [ $? != 0 ] ; then\n    # print error to STDERR\n    echo \"error: The sandbox is not in sync with the Podfile.lock. Run 'pod install' or update your CocoaPods installation.\" >&2\n    exit 1\nfi\n# This output is used by Xcode 'outputs' to avoid re-running this script phase.\necho \"SUCCESS\" > \"${SCRIPT_OUTPUT_FILE_0}\"\n";
			showEnvVarsInLog = 0;
		};
		471A01F3B177DE70223C35D0 /* [CP] Copy Pods Resources */ = {
			isa = PBXShellScriptBuildPhase;
			buildActionMask = 2147483647;
			files = (
			);
			inputPaths = (
			);
			name = "[CP] Copy Pods Resources";
			outputPaths = (
			);
			runOnlyForDeploymentPostprocessing = 0;
			shellPath = /bin/sh;
			shellScript = "\"${SRCROOT}/Pods/Target Support Files/Pods-POSProjectTests/Pods-POSProjectTests-resources.sh\"\n";
			showEnvVarsInLog = 0;
		};
		C6E410147B22D14ECFBFBD5C /* [CP] Embed Pods Frameworks */ = {
			isa = PBXShellScriptBuildPhase;
			buildActionMask = 2147483647;
			files = (
			);
			inputPaths = (
				"${SRCROOT}/Pods/Target Support Files/Pods-POSProjectTests/Pods-POSProjectTests-frameworks.sh",
				"${BUILT_PRODUCTS_DIR}/Nimble/Nimble.framework",
				"${BUILT_PRODUCTS_DIR}/Quick/Quick.framework",
			);
			name = "[CP] Embed Pods Frameworks";
			outputPaths = (
				"${TARGET_BUILD_DIR}/${FRAMEWORKS_FOLDER_PATH}/Nimble.framework",
				"${TARGET_BUILD_DIR}/${FRAMEWORKS_FOLDER_PATH}/Quick.framework",
			);
			runOnlyForDeploymentPostprocessing = 0;
			shellPath = /bin/sh;
			shellScript = "\"${SRCROOT}/Pods/Target Support Files/Pods-POSProjectTests/Pods-POSProjectTests-frameworks.sh\"\n";
			showEnvVarsInLog = 0;
		};
/* End PBXShellScriptBuildPhase section */

/* Begin PBXSourcesBuildPhase section */
		C79E87B91FC7AE58003B7E5C /* Sources */ = {
			isa = PBXSourcesBuildPhase;
			buildActionMask = 2147483647;
			files = (
				C79E87F31FC7B773003B7E5C /* CartManager.swift in Sources */,
				C79E87F11FC7B531003B7E5C /* CartViewModel.swift in Sources */,
				C79E87EF1FC7B0B9003B7E5C /* GoodModel.swift in Sources */,
				C79E87C31FC7AE58003B7E5C /* ViewController.swift in Sources */,
				C79E87C11FC7AE58003B7E5C /* AppDelegate.swift in Sources */,
			);
			runOnlyForDeploymentPostprocessing = 0;
		};
		C79E87CD1FC7AE58003B7E5C /* Sources */ = {
			isa = PBXSourcesBuildPhase;
			buildActionMask = 2147483647;
			files = (
				C79E87F71FC7F1C0003B7E5C /* CartSpec.swift in Sources */,
				C79E87D61FC7AE58003B7E5C /* POSProjectTests.swift in Sources */,
			);
			runOnlyForDeploymentPostprocessing = 0;
		};
		C79E87D81FC7AE58003B7E5C /* Sources */ = {
			isa = PBXSourcesBuildPhase;
			buildActionMask = 2147483647;
			files = (
				C79E87E11FC7AE58003B7E5C /* POSProjectUITests.swift in Sources */,
			);
			runOnlyForDeploymentPostprocessing = 0;
		};
/* End PBXSourcesBuildPhase section */

/* Begin PBXTargetDependency section */
		C79E87D31FC7AE58003B7E5C /* PBXTargetDependency */ = {
			isa = PBXTargetDependency;
			target = C79E87BC1FC7AE58003B7E5C /* POSProject */;
			targetProxy = C79E87D21FC7AE58003B7E5C /* PBXContainerItemProxy */;
		};
		C79E87DE1FC7AE58003B7E5C /* PBXTargetDependency */ = {
			isa = PBXTargetDependency;
			target = C79E87BC1FC7AE58003B7E5C /* POSProject */;
			targetProxy = C79E87DD1FC7AE58003B7E5C /* PBXContainerItemProxy */;
		};
/* End PBXTargetDependency section */

/* Begin PBXVariantGroup section */
		C79E87C41FC7AE58003B7E5C /* Main.storyboard */ = {
			isa = PBXVariantGroup;
			children = (
				C79E87C51FC7AE58003B7E5C /* Base */,
			);
			name = Main.storyboard;
			sourceTree = "<group>";
		};
		C79E87C91FC7AE58003B7E5C /* LaunchScreen.storyboard */ = {
			isa = PBXVariantGroup;
			children = (
				C79E87CA1FC7AE58003B7E5C /* Base */,
			);
			name = LaunchScreen.storyboard;
			sourceTree = "<group>";
		};
/* End PBXVariantGroup section */

/* Begin XCBuildConfiguration section */
		C79E87E31FC7AE58003B7E5C /* Debug */ = {
			isa = XCBuildConfiguration;
			buildSettings = {
				ALWAYS_SEARCH_USER_PATHS = NO;
				CLANG_ANALYZER_NONNULL = YES;
				CLANG_ANALYZER_NUMBER_OBJECT_CONVERSION = YES_AGGRESSIVE;
				CLANG_CXX_LANGUAGE_STANDARD = "gnu++14";
				CLANG_CXX_LIBRARY = "libc++";
				CLANG_ENABLE_MODULES = YES;
				CLANG_ENABLE_OBJC_ARC = YES;
				CLANG_WARN_BLOCK_CAPTURE_AUTORELEASING = YES;
				CLANG_WARN_BOOL_CONVERSION = YES;
				CLANG_WARN_COMMA = YES;
				CLANG_WARN_CONSTANT_CONVERSION = YES;
				CLANG_WARN_DIRECT_OBJC_ISA_USAGE = YES_ERROR;
				CLANG_WARN_DOCUMENTATION_COMMENTS = YES;
				CLANG_WARN_EMPTY_BODY = YES;
				CLANG_WARN_ENUM_CONVERSION = YES;
				CLANG_WARN_INFINITE_RECURSION = YES;
				CLANG_WARN_INT_CONVERSION = YES;
				CLANG_WARN_NON_LITERAL_NULL_CONVERSION = YES;
				CLANG_WARN_OBJC_LITERAL_CONVERSION = YES;
				CLANG_WARN_OBJC_ROOT_CLASS = YES_ERROR;
				CLANG_WARN_RANGE_LOOP_ANALYSIS = YES;
				CLANG_WARN_STRICT_PROTOTYPES = YES;
				CLANG_WARN_SUSPICIOUS_MOVE = YES;
				CLANG_WARN_UNGUARDED_AVAILABILITY = YES_AGGRESSIVE;
				CLANG_WARN_UNREACHABLE_CODE = YES;
				CLANG_WARN__DUPLICATE_METHOD_MATCH = YES;
				CODE_SIGN_IDENTITY = "iPhone Developer";
				COPY_PHASE_STRIP = NO;
				DEBUG_INFORMATION_FORMAT = dwarf;
				ENABLE_STRICT_OBJC_MSGSEND = YES;
				ENABLE_TESTABILITY = YES;
				GCC_C_LANGUAGE_STANDARD = gnu11;
				GCC_DYNAMIC_NO_PIC = NO;
				GCC_NO_COMMON_BLOCKS = YES;
				GCC_OPTIMIZATION_LEVEL = 0;
				GCC_PREPROCESSOR_DEFINITIONS = (
					"DEBUG=1",
					"$(inherited)",
				);
				GCC_WARN_64_TO_32_BIT_CONVERSION = YES;
				GCC_WARN_ABOUT_RETURN_TYPE = YES_ERROR;
				GCC_WARN_UNDECLARED_SELECTOR = YES;
				GCC_WARN_UNINITIALIZED_AUTOS = YES_AGGRESSIVE;
				GCC_WARN_UNUSED_FUNCTION = YES;
				GCC_WARN_UNUSED_VARIABLE = YES;
				IPHONEOS_DEPLOYMENT_TARGET = 11.1;
				MTL_ENABLE_DEBUG_INFO = YES;
				ONLY_ACTIVE_ARCH = YES;
				SDKROOT = iphoneos;
				SWIFT_ACTIVE_COMPILATION_CONDITIONS = DEBUG;
				SWIFT_OPTIMIZATION_LEVEL = "-Onone";
			};
			name = Debug;
		};
		C79E87E41FC7AE58003B7E5C /* Release */ = {
			isa = XCBuildConfiguration;
			buildSettings = {
				ALWAYS_SEARCH_USER_PATHS = NO;
				CLANG_ANALYZER_NONNULL = YES;
				CLANG_ANALYZER_NUMBER_OBJECT_CONVERSION = YES_AGGRESSIVE;
				CLANG_CXX_LANGUAGE_STANDARD = "gnu++14";
				CLANG_CXX_LIBRARY = "libc++";
				CLANG_ENABLE_MODULES = YES;
				CLANG_ENABLE_OBJC_ARC = YES;
				CLANG_WARN_BLOCK_CAPTURE_AUTORELEASING = YES;
				CLANG_WARN_BOOL_CONVERSION = YES;
				CLANG_WARN_COMMA = YES;
				CLANG_WARN_CONSTANT_CONVERSION = YES;
				CLANG_WARN_DIRECT_OBJC_ISA_USAGE = YES_ERROR;
				CLANG_WARN_DOCUMENTATION_COMMENTS = YES;
				CLANG_WARN_EMPTY_BODY = YES;
				CLANG_WARN_ENUM_CONVERSION = YES;
				CLANG_WARN_INFINITE_RECURSION = YES;
				CLANG_WARN_INT_CONVERSION = YES;
				CLANG_WARN_NON_LITERAL_NULL_CONVERSION = YES;
				CLANG_WARN_OBJC_LITERAL_CONVERSION = YES;
				CLANG_WARN_OBJC_ROOT_CLASS = YES_ERROR;
				CLANG_WARN_RANGE_LOOP_ANALYSIS = YES;
				CLANG_WARN_STRICT_PROTOTYPES = YES;
				CLANG_WARN_SUSPICIOUS_MOVE = YES;
				CLANG_WARN_UNGUARDED_AVAILABILITY = YES_AGGRESSIVE;
				CLANG_WARN_UNREACHABLE_CODE = YES;
				CLANG_WARN__DUPLICATE_METHOD_MATCH = YES;
				CODE_SIGN_IDENTITY = "iPhone Developer";
				COPY_PHASE_STRIP = NO;
				DEBUG_INFORMATION_FORMAT = "dwarf-with-dsym";
				ENABLE_NS_ASSERTIONS = NO;
				ENABLE_STRICT_OBJC_MSGSEND = YES;
				GCC_C_LANGUAGE_STANDARD = gnu11;
				GCC_NO_COMMON_BLOCKS = YES;
				GCC_WARN_64_TO_32_BIT_CONVERSION = YES;
				GCC_WARN_ABOUT_RETURN_TYPE = YES_ERROR;
				GCC_WARN_UNDECLARED_SELECTOR = YES;
				GCC_WARN_UNINITIALIZED_AUTOS = YES_AGGRESSIVE;
				GCC_WARN_UNUSED_FUNCTION = YES;
				GCC_WARN_UNUSED_VARIABLE = YES;
				IPHONEOS_DEPLOYMENT_TARGET = 11.1;
				MTL_ENABLE_DEBUG_INFO = NO;
				SDKROOT = iphoneos;
				SWIFT_OPTIMIZATION_LEVEL = "-Owholemodule";
				VALIDATE_PRODUCT = YES;
			};
			name = Release;
		};
		C79E87E61FC7AE58003B7E5C /* Debug */ = {
			isa = XCBuildConfiguration;
			buildSettings = {
				ASSETCATALOG_COMPILER_APPICON_NAME = AppIcon;
				CODE_SIGN_STYLE = Automatic;
				DEVELOPMENT_TEAM = VRRA5Y8747;
				INFOPLIST_FILE = POSProject/Info.plist;
				LD_RUNPATH_SEARCH_PATHS = "$(inherited) @executable_path/Frameworks";
				PRODUCT_BUNDLE_IDENTIFIER = com.gexin.POSProject;
				PRODUCT_NAME = "$(TARGET_NAME)";
				SWIFT_VERSION = 4.0;
				TARGETED_DEVICE_FAMILY = "1,2";
			};
			name = Debug;
		};
		C79E87E71FC7AE58003B7E5C /* Release */ = {
			isa = XCBuildConfiguration;
			buildSettings = {
				ASSETCATALOG_COMPILER_APPICON_NAME = AppIcon;
				CODE_SIGN_STYLE = Automatic;
				DEVELOPMENT_TEAM = VRRA5Y8747;
				INFOPLIST_FILE = POSProject/Info.plist;
				LD_RUNPATH_SEARCH_PATHS = "$(inherited) @executable_path/Frameworks";
				PRODUCT_BUNDLE_IDENTIFIER = com.gexin.POSProject;
				PRODUCT_NAME = "$(TARGET_NAME)";
				SWIFT_VERSION = 4.0;
				TARGETED_DEVICE_FAMILY = "1,2";
			};
			name = Release;
		};
		C79E87E91FC7AE58003B7E5C /* Debug */ = {
			isa = XCBuildConfiguration;
			baseConfigurationReference = 016927C21FA223066838C4DE /* Pods-POSProjectTests.debug.xcconfig */;
			buildSettings = {
				ALWAYS_EMBED_SWIFT_STANDARD_LIBRARIES = YES;
				BUNDLE_LOADER = "$(TEST_HOST)";
				CODE_SIGN_STYLE = Automatic;
				DEVELOPMENT_TEAM = VRRA5Y8747;
				INFOPLIST_FILE = POSProjectTests/Info.plist;
				LD_RUNPATH_SEARCH_PATHS = "$(inherited) @executable_path/Frameworks @loader_path/Frameworks";
				PRODUCT_BUNDLE_IDENTIFIER = com.gexin.POSProjectTests;
				PRODUCT_NAME = "$(TARGET_NAME)";
				SWIFT_VERSION = 4.0;
				TARGETED_DEVICE_FAMILY = "1,2";
				TEST_HOST = "$(BUILT_PRODUCTS_DIR)/POSProject.app/POSProject";
			};
			name = Debug;
		};
		C79E87EA1FC7AE58003B7E5C /* Release */ = {
			isa = XCBuildConfiguration;
			baseConfigurationReference = 3C7F7B9F7487DC04E7E48854 /* Pods-POSProjectTests.release.xcconfig */;
			buildSettings = {
				ALWAYS_EMBED_SWIFT_STANDARD_LIBRARIES = YES;
				BUNDLE_LOADER = "$(TEST_HOST)";
				CODE_SIGN_STYLE = Automatic;
				DEVELOPMENT_TEAM = VRRA5Y8747;
				INFOPLIST_FILE = POSProjectTests/Info.plist;
				LD_RUNPATH_SEARCH_PATHS = "$(inherited) @executable_path/Frameworks @loader_path/Frameworks";
				PRODUCT_BUNDLE_IDENTIFIER = com.gexin.POSProjectTests;
				PRODUCT_NAME = "$(TARGET_NAME)";
				SWIFT_VERSION = 4.0;
				TARGETED_DEVICE_FAMILY = "1,2";
				TEST_HOST = "$(BUILT_PRODUCTS_DIR)/POSProject.app/POSProject";
			};
			name = Release;
		};
		C79E87EC1FC7AE58003B7E5C /* Debug */ = {
			isa = XCBuildConfiguration;
			buildSettings = {
				ALWAYS_EMBED_SWIFT_STANDARD_LIBRARIES = YES;
				CODE_SIGN_STYLE = Automatic;
				DEVELOPMENT_TEAM = VRRA5Y8747;
				INFOPLIST_FILE = POSProjectUITests/Info.plist;
				LD_RUNPATH_SEARCH_PATHS = "$(inherited) @executable_path/Frameworks @loader_path/Frameworks";
				PRODUCT_BUNDLE_IDENTIFIER = com.gexin.POSProjectUITests;
				PRODUCT_NAME = "$(TARGET_NAME)";
				SWIFT_VERSION = 4.0;
				TARGETED_DEVICE_FAMILY = "1,2";
				TEST_TARGET_NAME = POSProject;
			};
			name = Debug;
		};
		C79E87ED1FC7AE58003B7E5C /* Release */ = {
			isa = XCBuildConfiguration;
			buildSettings = {
				ALWAYS_EMBED_SWIFT_STANDARD_LIBRARIES = YES;
				CODE_SIGN_STYLE = Automatic;
				DEVELOPMENT_TEAM = VRRA5Y8747;
				INFOPLIST_FILE = POSProjectUITests/Info.plist;
				LD_RUNPATH_SEARCH_PATHS = "$(inherited) @executable_path/Frameworks @loader_path/Frameworks";
				PRODUCT_BUNDLE_IDENTIFIER = com.gexin.POSProjectUITests;
				PRODUCT_NAME = "$(TARGET_NAME)";
				SWIFT_VERSION = 4.0;
				TARGETED_DEVICE_FAMILY = "1,2";
				TEST_TARGET_NAME = POSProject;
			};
			name = Release;
		};
/* End XCBuildConfiguration section */

/* Begin XCConfigurationList section */
		C79E87B81FC7AE58003B7E5C /* Build configuration list for PBXProject "POSProject" */ = {
			isa = XCConfigurationList;
			buildConfigurations = (
				C79E87E31FC7AE58003B7E5C /* Debug */,
				C79E87E41FC7AE58003B7E5C /* Release */,
			);
			defaultConfigurationIsVisible = 0;
			defaultConfigurationName = Release;
		};
		C79E87E51FC7AE58003B7E5C /* Build configuration list for PBXNativeTarget "POSProject" */ = {
			isa = XCConfigurationList;
			buildConfigurations = (
				C79E87E61FC7AE58003B7E5C /* Debug */,
				C79E87E71FC7AE58003B7E5C /* Release */,
			);
			defaultConfigurationIsVisible = 0;
			defaultConfigurationName = Release;
		};
		C79E87E81FC7AE58003B7E5C /* Build configuration list for PBXNativeTarget "POSProjectTests" */ = {
			isa = XCConfigurationList;
			buildConfigurations = (
				C79E87E91FC7AE58003B7E5C /* Debug */,
				C79E87EA1FC7AE58003B7E5C /* Release */,
			);
			defaultConfigurationIsVisible = 0;
			defaultConfigurationName = Release;
		};
		C79E87EB1FC7AE58003B7E5C /* Build configuration list for PBXNativeTarget "POSProjectUITests" */ = {
			isa = XCConfigurationList;
			buildConfigurations = (
				C79E87EC1FC7AE58003B7E5C /* Debug */,
				C79E87ED1FC7AE58003B7E5C /* Release */,
			);
			defaultConfigurationIsVisible = 0;
			defaultConfigurationName = Release;
		};
/* End XCConfigurationList section */
	};
	rootObject = C79E87B51FC7AE58003B7E5C /* Project object */;
}
